
Microsoft Visual Studio Solution File, Format Version 12.00
# Visual Studio 15
VisualStudioVersion = 15.0.28307.489
MinimumVisualStudioVersion = 10.0.40219.1
Project("{FAE04EC0-301F-11D3-BF4B-00C04F79EFBC}") = "LiquidMapTestApp", "LiquidMapTestApp\LiquidMapTestApp.csproj", "{A1F22883-F1FA-4DA0-9647-A89CDCA15BA8}"
EndProject
Project("{2150E333-8FDC-42A3-9474-1A3956D46DE8}") = "TestData", "TestData", "{0A258D28-989B-4679-B4F5-299F4C71AFE5}"
	ProjectSection(SolutionItems) = preProject
		LiquidMapTestApp\json1.json = LiquidMapTestApp\json1.json
		LiquidMapTestApp\map.liquid = LiquidMapTestApp\map.liquid
	EndProjectSection
EndProject
Global
	GlobalSection(SolutionConfigurationPlatforms) = preSolution
		Debug|Any CPU = Debug|Any CPU
		Release|Any CPU = Release|Any CPU
	EndGlobalSection
	GlobalSection(ProjectConfigurationPlatforms) = postSolution
		{A1F22883-F1FA-4DA0-9647-A89CDCA15BA8}.Debug|Any CPU.ActiveCfg = Debug|Any CPU
		{A1F22883-F1FA-4DA0-9647-A89CDCA15BA8}.Debug|Any CPU.Build.0 = Debug|Any CPU
		{A1F22883-F1FA-4DA0-9647-A89CDCA15BA8}.Release|Any CPU.ActiveCfg = Release|Any CPU
		{A1F22883-F1FA-4DA0-9647-A89CDCA15BA8}.Release|Any CPU.Build.0 = Release|Any CPU
	EndGlobalSection
	GlobalSection(SolutionProperties) = preSolution
		HideSolutionNode = FALSE
	EndGlobalSection
	GlobalSection(ExtensibilityGlobals) = postSolution
		SolutionGuid = {B592F876-DEC6-4A43-BD82-0DA223C4E071}
	EndGlobalSection
EndGlobal
